
Microsoft Visual Studio Solution File, Format Version 12.00
# Visual Studio Version 16
VisualStudioVersion = 16.0.29215.179
MinimumVisualStudioVersion = 10.0.40219.1
Project("{FAE04EC0-301F-11D3-BF4B-00C04F79EFBC}") = "Assignement1", "Assignement1\Assignement1.csproj", "{BE3105A4-5D17-4B2F-A08A-94008655DDAD}"
EndProject
Global
	GlobalSection(SolutionConfigurationPlatforms) = preSolution
		Debug|Any CPU = Debug|Any CPU
		Release|Any CPU = Release|Any CPU
	EndGlobalSection
	GlobalSection(ProjectConfigurationPlatforms) = postSolution
		{BE3105A4-5D17-4B2F-A08A-94008655DDAD}.Debug|Any CPU.ActiveCfg = Debug|Any CPU
		{BE3105A4-5D17-4B2F-A08A-94008655DDAD}.Debug|Any CPU.Build.0 = Debug|Any CPU
		{BE3105A4-5D17-4B2F-A08A-94008655DDAD}.Release|Any CPU.ActiveCfg = Release|Any CPU
		{BE3105A4-5D17-4B2F-A08A-94008655DDAD}.Release|Any CPU.Build.0 = Release|Any CPU
	EndGlobalSection
	GlobalSection(SolutionProperties) = preSolution
		HideSolutionNode = FALSE
	EndGlobalSection
	GlobalSection(ExtensibilityGlobals) = postSolution
		SolutionGuid = {D4A874BB-ADC3-40E8-AF92-EFD6180CACED}
	EndGlobalSection
EndGlobal
